// !$*UTF8*$!
{
	archiveVersion = 1;
	classes = {
	};
	objectVersion = 50;
	objects = {

/* Begin PBXBuildFile section */
		BA90CE7B216BA44300892462 /* AppDelegate.swift in Sources */ = {isa = PBXBuildFile; fileRef = BA90CE7A216BA44300892462 /* AppDelegate.swift */; };
		BA90CE7D216BA44300892462 /* ViewController.swift in Sources */ = {isa = PBXBuildFile; fileRef = BA90CE7C216BA44300892462 /* ViewController.swift */; };
		BA90CE80216BA44300892462 /* Main.storyboard in Resources */ = {isa = PBXBuildFile; fileRef = BA90CE7E216BA44300892462 /* Main.storyboard */; };
		BA90CE82216BA44300892462 /* Assets.xcassets in Resources */ = {isa = PBXBuildFile; fileRef = BA90CE81216BA44300892462 /* Assets.xcassets */; };
		BA90CE85216BA44300892462 /* LaunchScreen.storyboard in Resources */ = {isa = PBXBuildFile; fileRef = BA90CE83216BA44300892462 /* LaunchScreen.storyboard */; };
		D298205C9BB74A34B73592AB /* Pods_EthereumWallet.framework in Frameworks */ = {isa = PBXBuildFile; fileRef = C007EE49DBF447D9503B0E53 /* Pods_EthereumWallet.framework */; };
/* End PBXBuildFile section */

/* Begin PBXFileReference section */
		22D39184D5616F0C18D8B7B9 /* Pods-EthereumWallet.release.xcconfig */ = {isa = PBXFileReference; includeInIndex = 1; lastKnownFileType = text.xcconfig; name = "Pods-EthereumWallet.release.xcconfig"; path = "Pods/Target Support Files/Pods-EthereumWallet/Pods-EthereumWallet.release.xcconfig"; sourceTree = "<group>"; };
		2B0AE80CC7B598D2C09EE79D /* Pods-EthereumWallet.debug.xcconfig */ = {isa = PBXFileReference; includeInIndex = 1; lastKnownFileType = text.xcconfig; name = "Pods-EthereumWallet.debug.xcconfig"; path = "Pods/Target Support Files/Pods-EthereumWallet/Pods-EthereumWallet.debug.xcconfig"; sourceTree = "<group>"; };
		BA90CE77216BA44300892462 /* EthereumWallet.app */ = {isa = PBXFileReference; explicitFileType = wrapper.application; includeInIndex = 0; path = EthereumWallet.app; sourceTree = BUILT_PRODUCTS_DIR; };
		BA90CE7A216BA44300892462 /* AppDelegate.swift */ = {isa = PBXFileReference; lastKnownFileType = sourcecode.swift; path = AppDelegate.swift; sourceTree = "<group>"; };
		BA90CE7C216BA44300892462 /* ViewController.swift */ = {isa = PBXFileReference; lastKnownFileType = sourcecode.swift; path = ViewController.swift; sourceTree = "<group>"; };
		BA90CE7F216BA44300892462 /* Base */ = {isa = PBXFileReference; lastKnownFileType = file.storyboard; name = Base; path = Base.lproj/Main.storyboard; sourceTree = "<group>"; };
		BA90CE81216BA44300892462 /* Assets.xcassets */ = {isa = PBXFileReference; lastKnownFileType = folder.assetcatalog; path = Assets.xcassets; sourceTree = "<group>"; };
		BA90CE84216BA44300892462 /* Base */ = {isa = PBXFileReference; lastKnownFileType = file.storyboard; name = Base; path = Base.lproj/LaunchScreen.storyboard; sourceTree = "<group>"; };
		BA90CE86216BA44300892462 /* Info.plist */ = {isa = PBXFileReference; lastKnownFileType = text.plist.xml; path = Info.plist; sourceTree = "<group>"; };
		C007EE49DBF447D9503B0E53 /* Pods_EthereumWallet.framework */ = {isa = PBXFileReference; explicitFileType = wrapper.framework; includeInIndex = 0; path = Pods_EthereumWallet.framework; sourceTree = BUILT_PRODUCTS_DIR; };
/* End PBXFileReference section */

/* Begin PBXFrameworksBuildPhase section */
		BA90CE74216BA44300892462 /* Frameworks */ = {
			isa = PBXFrameworksBuildPhase;
			buildActionMask = 2147483647;
			files = (
				D298205C9BB74A34B73592AB /* Pods_EthereumWallet.framework in Frameworks */,
			);
			runOnlyForDeploymentPostprocessing = 0;
		};
/* End PBXFrameworksBuildPhase section */

/* Begin PBXGroup section */
		BA90CE6E216BA44300892462 = {
			isa = PBXGroup;
			children = (
				BA90CE79216BA44300892462 /* EthereumWallet */,
				BA90CE78216BA44300892462 /* Products */,
				D3E955FE5F3E342EE3CDA713 /* Pods */,
				F6BDE16176C2F9574204DFDD /* Frameworks */,
			);
			sourceTree = "<group>";
		};
		BA90CE78216BA44300892462 /* Products */ = {
			isa = PBXGroup;
			children = (
				BA90CE77216BA44300892462 /* EthereumWallet.app */,
			);
			name = Products;
			sourceTree = "<group>";
		};
		BA90CE79216BA44300892462 /* EthereumWallet */ = {
			isa = PBXGroup;
			children = (
				BA90CE7A216BA44300892462 /* AppDelegate.swift */,
				BA90CE7C216BA44300892462 /* ViewController.swift */,
				BA90CE7E216BA44300892462 /* Main.storyboard */,
				BA90CE81216BA44300892462 /* Assets.xcassets */,
				BA90CE83216BA44300892462 /* LaunchScreen.storyboard */,
				BA90CE86216BA44300892462 /* Info.plist */,
			);
			path = EthereumWallet;
			sourceTree = "<group>";
		};
		D3E955FE5F3E342EE3CDA713 /* Pods */ = {
			isa = PBXGroup;
			children = (
				2B0AE80CC7B598D2C09EE79D /* Pods-EthereumWallet.debug.xcconfig */,
				22D39184D5616F0C18D8B7B9 /* Pods-EthereumWallet.release.xcconfig */,
			);
			name = Pods;
			sourceTree = "<group>";
		};
		F6BDE16176C2F9574204DFDD /* Frameworks */ = {
			isa = PBXGroup;
			children = (
				C007EE49DBF447D9503B0E53 /* Pods_EthereumWallet.framework */,
			);
			name = Frameworks;
			sourceTree = "<group>";
		};
/* End PBXGroup section */

/* Begin PBXNativeTarget section */
		BA90CE76216BA44300892462 /* EthereumWallet */ = {
			isa = PBXNativeTarget;
			buildConfigurationList = BA90CE89216BA44300892462 /* Build configuration list for PBXNativeTarget "EthereumWallet" */;
			buildPhases = (
				DBD080A2DB6233A2FBA2D81C /* [CP] Check Pods Manifest.lock */,
				BA90CE73216BA44300892462 /* Sources */,
				BA90CE74216BA44300892462 /* Frameworks */,
				BA90CE75216BA44300892462 /* Resources */,
				36A9F0FAB7BA4146E55AFA95 /* [CP] Embed Pods Frameworks */,
			);
			buildRules = (
			);
			dependencies = (
			);
			name = EthereumWallet;
			productName = "Ethereum Wallet";
			productReference = BA90CE77216BA44300892462 /* EthereumWallet.app */;
			productType = "com.apple.product-type.application";
		};
/* End PBXNativeTarget section */

/* Begin PBXProject section */
		BA90CE6F216BA44300892462 /* Project object */ = {
			isa = PBXProject;
			attributes = {
				LastSwiftUpdateCheck = 1000;
				LastUpgradeCheck = 1000;
				ORGANIZATIONNAME = devpool;
				TargetAttributes = {
					BA90CE76216BA44300892462 = {
						CreatedOnToolsVersion = 10.0;
					};
				};
			};
			buildConfigurationList = BA90CE72216BA44300892462 /* Build configuration list for PBXProject "EthereumWallet" */;
			compatibilityVersion = "Xcode 9.3";
			developmentRegion = en;
			hasScannedForEncodings = 0;
			knownRegions = (
				en,
				Base,
			);
			mainGroup = BA90CE6E216BA44300892462;
			productRefGroup = BA90CE78216BA44300892462 /* Products */;
			projectDirPath = "";
			projectRoot = "";
			targets = (
				BA90CE76216BA44300892462 /* EthereumWallet */,
			);
		};
/* End PBXProject section */

/* Begin PBXResourcesBuildPhase section */
		BA90CE75216BA44300892462 /* Resources */ = {
			isa = PBXResourcesBuildPhase;
			buildActionMask = 2147483647;
			files = (
				BA90CE85216BA44300892462 /* LaunchScreen.storyboard in Resources */,
				BA90CE82216BA44300892462 /* Assets.xcassets in Resources */,
				BA90CE80216BA44300892462 /* Main.storyboard in Resources */,
			);
			runOnlyForDeploymentPostprocessing = 0;
		};
/* End PBXResourcesBuildPhase section */

/* Begin PBXShellScriptBuildPhase section */
		36A9F0FAB7BA4146E55AFA95 /* [CP] Embed Pods Frameworks */ = {
			isa = PBXShellScriptBuildPhase;
			buildActionMask = 2147483647;
			files = (
			);
			inputPaths = (
				"${SRCROOT}/Pods/Target Support Files/Pods-EthereumWallet/Pods-EthereumWallet-frameworks.sh",
				"${BUILT_PRODUCTS_DIR}/JetLib/JetLib.framework",
			);
			name = "[CP] Embed Pods Frameworks";
			outputPaths = (
				"${TARGET_BUILD_DIR}/${FRAMEWORKS_FOLDER_PATH}/JetLib.framework",
			);
			runOnlyForDeploymentPostprocessing = 0;
			shellPath = /bin/sh;
			shellScript = "\"${SRCROOT}/Pods/Target Support Files/Pods-EthereumWallet/Pods-EthereumWallet-frameworks.sh\"\n";
			showEnvVarsInLog = 0;
		};
		DBD080A2DB6233A2FBA2D81C /* [CP] Check Pods Manifest.lock */ = {
			isa = PBXShellScriptBuildPhase;
			buildActionMask = 2147483647;
			files = (
			);
			inputPaths = (
				"${PODS_PODFILE_DIR_PATH}/Podfile.lock",
				"${PODS_ROOT}/Manifest.lock",
			);
			name = "[CP] Check Pods Manifest.lock";
			outputPaths = (
				"$(DERIVED_FILE_DIR)/Pods-EthereumWallet-checkManifestLockResult.txt",
			);
			runOnlyForDeploymentPostprocessing = 0;
			shellPath = /bin/sh;
			shellScript = "diff \"${PODS_PODFILE_DIR_PATH}/Podfile.lock\" \"${PODS_ROOT}/Manifest.lock\" > /dev/null\nif [ $? != 0 ] ; then\n    # print error to STDERR\n    echo \"error: The sandbox is not in sync with the Podfile.lock. Run 'pod install' or update your CocoaPods installation.\" >&2\n    exit 1\nfi\n# This output is used by Xcode 'outputs' to avoid re-running this script phase.\necho \"SUCCESS\" > \"${SCRIPT_OUTPUT_FILE_0}\"\n";
			showEnvVarsInLog = 0;
		};
/* End PBXShellScriptBuildPhase section */

/* Begin PBXSourcesBuildPhase section */
		BA90CE73216BA44300892462 /* Sources */ = {
			isa = PBXSourcesBuildPhase;
			buildActionMask = 2147483647;
			files = (
				BA90CE7D216BA44300892462 /* ViewController.swift in Sources */,
				BA90CE7B216BA44300892462 /* AppDelegate.swift in Sources */,
			);
			runOnlyForDeploymentPostprocessing = 0;
		};
/* End PBXSourcesBuildPhase section */

/* Begin PBXVariantGroup section */
		BA90CE7E216BA44300892462 /* Main.storyboard */ = {
			isa = PBXVariantGroup;
			children = (
				BA90CE7F216BA44300892462 /* Base */,
			);
			name = Main.storyboard;
			sourceTree = "<group>";
		};
		BA90CE83216BA44300892462 /* LaunchScreen.storyboard */ = {
			isa = PBXVariantGroup;
			children = (
				BA90CE84216BA44300892462 /* Base */,
			);
			name = LaunchScreen.storyboard;
			sourceTree = "<group>";
		};
/* End PBXVariantGroup section */

/* Begin XCBuildConfiguration section */
		BA90CE87216BA44300892462 /* Debug */ = {
			isa = XCBuildConfiguration;
			buildSettings = {
				ALWAYS_SEARCH_USER_PATHS = NO;
				CLANG_ANALYZER_NONNULL = YES;
				CLANG_ANALYZER_NUMBER_OBJECT_CONVERSION = YES_AGGRESSIVE;
				CLANG_CXX_LANGUAGE_STANDARD = "gnu++14";
				CLANG_CXX_LIBRARY = "libc++";
				CLANG_ENABLE_MODULES = YES;
				CLANG_ENABLE_OBJC_ARC = YES;
				CLANG_ENABLE_OBJC_WEAK = YES;
				CLANG_WARN_BLOCK_CAPTURE_AUTORELEASING = YES;
				CLANG_WARN_BOOL_CONVERSION = YES;
				CLANG_WARN_COMMA = YES;
				CLANG_WARN_CONSTANT_CONVERSION = YES;
				CLANG_WARN_DEPRECATED_OBJC_IMPLEMENTATIONS = YES;
				CLANG_WARN_DIRECT_OBJC_ISA_USAGE = YES_ERROR;
				CLANG_WARN_DOCUMENTATION_COMMENTS = YES;
				CLANG_WARN_EMPTY_BODY = YES;
				CLANG_WARN_ENUM_CONVERSION = YES;
				CLANG_WARN_INFINITE_RECURSION = YES;
				CLANG_WARN_INT_CONVERSION = YES;
				CLANG_WARN_NON_LITERAL_NULL_CONVERSION = YES;
				CLANG_WARN_OBJC_IMPLICIT_RETAIN_SELF = YES;
				CLANG_WARN_OBJC_LITERAL_CONVERSION = YES;
				CLANG_WARN_OBJC_ROOT_CLASS = YES_ERROR;
				CLANG_WARN_RANGE_LOOP_ANALYSIS = YES;
				CLANG_WARN_STRICT_PROTOTYPES = YES;
				CLANG_WARN_SUSPICIOUS_MOVE = YES;
				CLANG_WARN_UNGUARDED_AVAILABILITY = YES_AGGRESSIVE;
				CLANG_WARN_UNREACHABLE_CODE = YES;
				CLANG_WARN__DUPLICATE_METHOD_MATCH = YES;
				CODE_SIGN_IDENTITY = "iPhone Developer";
				COPY_PHASE_STRIP = NO;
				DEBUG_INFORMATION_FORMAT = dwarf;
				ENABLE_STRICT_OBJC_MSGSEND = YES;
				ENABLE_TESTABILITY = YES;
				GCC_C_LANGUAGE_STANDARD = gnu11;
				GCC_DYNAMIC_NO_PIC = NO;
				GCC_NO_COMMON_BLOCKS = YES;
				GCC_OPTIMIZATION_LEVEL = 0;
				GCC_PREPROCESSOR_DEFINITIONS = (
					"DEBUG=1",
					"$(inherited)",
				);
				GCC_WARN_64_TO_32_BIT_CONVERSION = YES;
				GCC_WARN_ABOUT_RETURN_TYPE = YES_ERROR;
				GCC_WARN_UNDECLARED_SELECTOR = YES;
				GCC_WARN_UNINITIALIZED_AUTOS = YES_AGGRESSIVE;
				GCC_WARN_UNUSED_FUNCTION = YES;
				GCC_WARN_UNUSED_VARIABLE = YES;
				IPHONEOS_DEPLOYMENT_TARGET = 12.0;
				MTL_ENABLE_DEBUG_INFO = INCLUDE_SOURCE;
				MTL_FAST_MATH = YES;
				ONLY_ACTIVE_ARCH = YES;
				SDKROOT = iphoneos;
				SWIFT_ACTIVE_COMPILATION_CONDITIONS = DEBUG;
				SWIFT_OPTIMIZATION_LEVEL = "-Onone";
			};
			name = Debug;
		};
		BA90CE88216BA44300892462 /* Release */ = {
			isa = XCBuildConfiguration;
			buildSettings = {
				ALWAYS_SEARCH_USER_PATHS = NO;
				CLANG_ANALYZER_NONNULL = YES;
				CLANG_ANALYZER_NUMBER_OBJECT_CONVERSION = YES_AGGRESSIVE;
				CLANG_CXX_LANGUAGE_STANDARD = "gnu++14";
				CLANG_CXX_LIBRARY = "libc++";
				CLANG_ENABLE_MODULES = YES;
				CLANG_ENABLE_OBJC_ARC = YES;
				CLANG_ENABLE_OBJC_WEAK = YES;
				CLANG_WARN_BLOCK_CAPTURE_AUTORELEASING = YES;
				CLANG_WARN_BOOL_CONVERSION = YES;
				CLANG_WARN_COMMA = YES;
				CLANG_WARN_CONSTANT_CONVERSION = YES;
				CLANG_WARN_DEPRECATED_OBJC_IMPLEMENTATIONS = YES;
				CLANG_WARN_DIRECT_OBJC_ISA_USAGE = YES_ERROR;
				CLANG_WARN_DOCUMENTATION_COMMENTS = YES;
				CLANG_WARN_EMPTY_BODY = YES;
				CLANG_WARN_ENUM_CONVERSION = YES;
				CLANG_WARN_INFINITE_RECURSION = YES;
				CLANG_WARN_INT_CONVERSION = YES;
				CLANG_WARN_NON_LITERAL_NULL_CONVERSION = YES;
				CLANG_WARN_OBJC_IMPLICIT_RETAIN_SELF = YES;
				CLANG_WARN_OBJC_LITERAL_CONVERSION = YES;
				CLANG_WARN_OBJC_ROOT_CLASS = YES_ERROR;
				CLANG_WARN_RANGE_LOOP_ANALYSIS = YES;
				CLANG_WARN_STRICT_PROTOTYPES = YES;
				CLANG_WARN_SUSPICIOUS_MOVE = YES;
				CLANG_WARN_UNGUARDED_AVAILABILITY = YES_AGGRESSIVE;
				CLANG_WARN_UNREACHABLE_CODE = YES;
				CLANG_WARN__DUPLICATE_METHOD_MATCH = YES;
				CODE_SIGN_IDENTITY = "iPhone Developer";
				COPY_PHASE_STRIP = NO;
				DEBUG_INFORMATION_FORMAT = "dwarf-with-dsym";
				ENABLE_NS_ASSERTIONS = NO;
				ENABLE_STRICT_OBJC_MSGSEND = YES;
				GCC_C_LANGUAGE_STANDARD = gnu11;
				GCC_NO_COMMON_BLOCKS = YES;
				GCC_WARN_64_TO_32_BIT_CONVERSION = YES;
				GCC_WARN_ABOUT_RETURN_TYPE = YES_ERROR;
				GCC_WARN_UNDECLARED_SELECTOR = YES;
				GCC_WARN_UNINITIALIZED_AUTOS = YES_AGGRESSIVE;
				GCC_WARN_UNUSED_FUNCTION = YES;
				GCC_WARN_UNUSED_VARIABLE = YES;
				IPHONEOS_DEPLOYMENT_TARGET = 12.0;
				MTL_ENABLE_DEBUG_INFO = NO;
				MTL_FAST_MATH = YES;
				SDKROOT = iphoneos;
				SWIFT_COMPILATION_MODE = wholemodule;
				SWIFT_OPTIMIZATION_LEVEL = "-O";
				VALIDATE_PRODUCT = YES;
			};
			name = Release;
		};
		BA90CE8A216BA44300892462 /* Debug */ = {
			isa = XCBuildConfiguration;
			baseConfigurationReference = 2B0AE80CC7B598D2C09EE79D /* Pods-EthereumWallet.debug.xcconfig */;
			buildSettings = {
				ASSETCATALOG_COMPILER_APPICON_NAME = AppIcon;
				CODE_SIGN_STYLE = Automatic;
				DEVELOPMENT_TEAM = MJ5AUMQ9YX;
				INFOPLIST_FILE = "$(SRCROOT)/EthereumWallet/Info.plist";
				LD_RUNPATH_SEARCH_PATHS = "$(inherited) @executable_path/Frameworks";
				PRODUCT_BUNDLE_IDENTIFIER = "com.devpool.ethereum-wallet";
				PRODUCT_NAME = "$(TARGET_NAME)";
				SWIFT_VERSION = 4.2;
				TARGETED_DEVICE_FAMILY = "1,2";
			};
			name = Debug;
		};
		BA90CE8B216BA44300892462 /* Release */ = {
			isa = XCBuildConfiguration;
			baseConfigurationReference = 22D39184D5616F0C18D8B7B9 /* Pods-EthereumWallet.release.xcconfig */;
			buildSettings = {
				ASSETCATALOG_COMPILER_APPICON_NAME = AppIcon;
				CODE_SIGN_STYLE = Automatic;
				DEVELOPMENT_TEAM = MJ5AUMQ9YX;
				INFOPLIST_FILE = "$(SRCROOT)/EthereumWallet/Info.plist";
				LD_RUNPATH_SEARCH_PATHS = "$(inherited) @executable_path/Frameworks";
				PRODUCT_BUNDLE_IDENTIFIER = "com.devpool.ethereum-wallet";
				PRODUCT_NAME = "$(TARGET_NAME)";
				SWIFT_VERSION = 4.2;
				TARGETED_DEVICE_FAMILY = "1,2";
			};
			name = Release;
		};
/* End XCBuildConfiguration section */

/* Begin XCConfigurationList section */
		BA90CE72216BA44300892462 /* Build configuration list for PBXProject "EthereumWallet" */ = {
			isa = XCConfigurationList;
			buildConfigurations = (
				BA90CE87216BA44300892462 /* Debug */,
				BA90CE88216BA44300892462 /* Release */,
			);
			defaultConfigurationIsVisible = 0;
			defaultConfigurationName = Release;
		};
		BA90CE89216BA44300892462 /* Build configuration list for PBXNativeTarget "EthereumWallet" */ = {
			isa = XCConfigurationList;
			buildConfigurations = (
				BA90CE8A216BA44300892462 /* Debug */,
				BA90CE8B216BA44300892462 /* Release */,
			);
			defaultConfigurationIsVisible = 0;
			defaultConfigurationName = Release;
		};
/* End XCConfigurationList section */
	};
	rootObject = BA90CE6F216BA44300892462 /* Project object */;
}
